
Microsoft Visual Studio Solution File, Format Version 12.00
# Visual Studio Version 16
VisualStudioVersion = 16.0.29324.140
MinimumVisualStudioVersion = 10.0.40219.1
Project("{9A19103F-16F7-4668-BE54-9A1E7A4F7556}") = "SysExp", "SysExp.csproj", "{CA419DBE-EC6A-4ADA-A5F9-8FDFE0EF55DC}"
EndProject
Global
	GlobalSection(SolutionConfigurationPlatforms) = preSolution
		Debug|Any CPU = Debug|Any CPU
		Release|Any CPU = Release|Any CPU
	EndGlobalSection
	GlobalSection(ProjectConfigurationPlatforms) = postSolution
		{CA419DBE-EC6A-4ADA-A5F9-8FDFE0EF55DC}.Debug|Any CPU.ActiveCfg = Debug|Any CPU
		{CA419DBE-EC6A-4ADA-A5F9-8FDFE0EF55DC}.Debug|Any CPU.Build.0 = Debug|Any CPU
		{CA419DBE-EC6A-4ADA-A5F9-8FDFE0EF55DC}.Release|Any CPU.ActiveCfg = Release|Any CPU
		{CA419DBE-EC6A-4ADA-A5F9-8FDFE0EF55DC}.Release|Any CPU.Build.0 = Release|Any CPU
	EndGlobalSection
	GlobalSection(SolutionProperties) = preSolution
		HideSolutionNode = FALSE
	EndGlobalSection
	GlobalSection(ExtensibilityGlobals) = postSolution
		SolutionGuid = {49CD424E-F436-4CFB-A6F6-331EC3C2A15D}
	EndGlobalSection
EndGlobal
